PODS:
  - Alamofire (4.7.3)
  - Bolts-Swift (1.4.0)
  - CaseContainer (0.8.0)
  - KeychainAccess (3.1.2)
  - Kingfisher (4.10.0)
  - Moya (11.0.2):
    - Moya/Core (= 11.0.2)
  - Moya/Core (11.0.2):
    - Alamofire (~> 4.1)
    - Result (~> 3.0)
  - ParallaxHeader (2.0.0)
  - Result (3.2.4)
  - SimpleCell (0.4.0)
  - SkyFloatingLabelTextField (3.6.0)
  - Then (2.4.0)

DEPENDENCIES:
  - Bolts-Swift (~> 1.4.0)
  - CaseContainer (~> 0.8.0)
  - KeychainAccess (~> 3.1.2)
  - Kingfisher (~> 4.10.0)
  - Moya (~> 11.0)
  - ParallaxHeader (~> 2.0.0)
  - SimpleCell (~> 0.4.0)
  - SkyFloatingLabelTextField (~> 3.6.0)
  - Then (~> 2.4.0)

SPEC REPOS:
  https://github.com/cocoapods/specs.git:
    - Alamofire
    - Bolts-Swift
    - CaseContainer
    - KeychainAccess
    - Kingfisher
    - Moya
    - ParallaxHeader
    - Result
    - SimpleCell
    - SkyFloatingLabelTextField
    - Then

SPEC CHECKSUMS:
  Alamofire: c7287b6e5d7da964a70935e5db17046b7fde6568
  Bolts-Swift: 650d72e8017721b1a6bbe43d542c4578f8e5ba6f
  CaseContainer: 20d937923ef6dd31683cf8e6bbfa01bf4d8f8c2d
  KeychainAccess: b3816fddcf28aa29d94b10ec305cd52be14c472b
  Kingfisher: 43c4b802d8b5256cf1f4379e9cd10b329be6d3e2
  Moya: a725035953bc1c0eb1be505ab903984501d82440
  ParallaxHeader: fb6ee97915626454f3c029a97b424f79a777c642
  Result: d2d07204ce72856f1fd9130bbe42c35a7b0fea10
  SimpleCell: 7a940186dcfb0c3eedcef73895de836560fcb4ca
  SkyFloatingLabelTextField: 38164979b79512f9ff9288ad8acfc4bbf5d843e3
  Then: 71866660c7af35a7343831f7668e7cd2b62ee0f2

PODFILE CHECKSUM: b4aa9739c535dfca51c9071dba5ee091bc87cda1

COCOAPODS: 1.6.0.beta.1
